
Microsoft Visual Studio Solution File, Format Version 12.00
# Visual Studio 15
VisualStudioVersion = 15.0.27004.2010
MinimumVisualStudioVersion = 10.0.40219.1
Project("{FAE04EC0-301F-11D3-BF4B-00C04F79EFBC}") = "UniversalMusicPlayer.UWP", "UniversalMusicPlayer.UWP\UniversalMusicPlayer.UWP.csproj", "{8F68D2AF-FFB2-49FF-99A0-C1D625FC6034}"
EndProject
Project("{9A19103F-16F7-4668-BE54-9A1E7A4F7556}") = "UniversalMusicPlayer.Core", "UniversalMusicPlayer.Core\UniversalMusicPlayer.Core.csproj", "{9FA29520-BCF9-4285-80F4-D6126E4E6752}"
EndProject
Global
	GlobalSection(SolutionConfigurationPlatforms) = preSolution
		Debug|Any CPU = Debug|Any CPU
		Debug|ARM = Debug|ARM
		Debug|x64 = Debug|x64
		Debug|x86 = Debug|x86
		Release|Any CPU = Release|Any CPU
		Release|ARM = Release|ARM
		Release|x64 = Release|x64
		Release|x86 = Release|x86
	EndGlobalSection
	GlobalSection(ProjectConfigurationPlatforms) = postSolution
		{8F68D2AF-FFB2-49FF-99A0-C1D625FC6034}.Debug|Any CPU.ActiveCfg = Debug|x86
		{8F68D2AF-FFB2-49FF-99A0-C1D625FC6034}.Debug|Any CPU.Build.0 = Debug|x86
		{8F68D2AF-FFB2-49FF-99A0-C1D625FC6034}.Debug|Any CPU.Deploy.0 = Debug|x86
		{8F68D2AF-FFB2-49FF-99A0-C1D625FC6034}.Debug|ARM.ActiveCfg = Debug|ARM
		{8F68D2AF-FFB2-49FF-99A0-C1D625FC6034}.Debug|ARM.Build.0 = Debug|ARM
		{8F68D2AF-FFB2-49FF-99A0-C1D625FC6034}.Debug|ARM.Deploy.0 = Debug|ARM
		{8F68D2AF-FFB2-49FF-99A0-C1D625FC6034}.Debug|x64.ActiveCfg = Debug|x64
		{8F68D2AF-FFB2-49FF-99A0-C1D625FC6034}.Debug|x64.Build.0 = Debug|x64
		{8F68D2AF-FFB2-49FF-99A0-C1D625FC6034}.Debug|x64.Deploy.0 = Debug|x64
		{8F68D2AF-FFB2-49FF-99A0-C1D625FC6034}.Debug|x86.ActiveCfg = Debug|x86
		{8F68D2AF-FFB2-49FF-99A0-C1D625FC6034}.Debug|x86.Build.0 = Debug|x86
		{8F68D2AF-FFB2-49FF-99A0-C1D625FC6034}.Debug|x86.Deploy.0 = Debug|x86
		{8F68D2AF-FFB2-49FF-99A0-C1D625FC6034}.Release|Any CPU.ActiveCfg = Release|x86
		{8F68D2AF-FFB2-49FF-99A0-C1D625FC6034}.Release|ARM.ActiveCfg = Release|ARM
		{8F68D2AF-FFB2-49FF-99A0-C1D625FC6034}.Release|ARM.Build.0 = Release|ARM
		{8F68D2AF-FFB2-49FF-99A0-C1D625FC6034}.Release|ARM.Deploy.0 = Release|ARM
		{8F68D2AF-FFB2-49FF-99A0-C1D625FC6034}.Release|x64.ActiveCfg = Release|x64
		{8F68D2AF-FFB2-49FF-99A0-C1D625FC6034}.Release|x64.Build.0 = Release|x64
		{8F68D2AF-FFB2-49FF-99A0-C1D625FC6034}.Release|x64.Deploy.0 = Release|x64
		{8F68D2AF-FFB2-49FF-99A0-C1D625FC6034}.Release|x86.ActiveCfg = Release|x86
		{8F68D2AF-FFB2-49FF-99A0-C1D625FC6034}.Release|x86.Build.0 = Release|x86
		{8F68D2AF-FFB2-49FF-99A0-C1D625FC6034}.Release|x86.Deploy.0 = Release|x86
		{9FA29520-BCF9-4285-80F4-D6126E4E6752}.Debug|Any CPU.ActiveCfg = Debug|Any CPU
		{9FA29520-BCF9-4285-80F4-D6126E4E6752}.Debug|Any CPU.Build.0 = Debug|Any CPU
		{9FA29520-BCF9-4285-80F4-D6126E4E6752}.Debug|ARM.ActiveCfg = Debug|Any CPU
		{9FA29520-BCF9-4285-80F4-D6126E4E6752}.Debug|ARM.Build.0 = Debug|Any CPU
		{9FA29520-BCF9-4285-80F4-D6126E4E6752}.Debug|x64.ActiveCfg = Debug|Any CPU
		{9FA29520-BCF9-4285-80F4-D6126E4E6752}.Debug|x64.Build.0 = Debug|Any CPU
		{9FA29520-BCF9-4285-80F4-D6126E4E6752}.Debug|x86.ActiveCfg = Debug|Any CPU
		{9FA29520-BCF9-4285-80F4-D6126E4E6752}.Debug|x86.Build.0 = Debug|Any CPU
		{9FA29520-BCF9-4285-80F4-D6126E4E6752}.Release|Any CPU.ActiveCfg = Release|Any CPU
		{9FA29520-BCF9-4285-80F4-D6126E4E6752}.Release|Any CPU.Build.0 = Release|Any CPU
		{9FA29520-BCF9-4285-80F4-D6126E4E6752}.Release|ARM.ActiveCfg = Release|Any CPU
		{9FA29520-BCF9-4285-80F4-D6126E4E6752}.Release|ARM.Build.0 = Release|Any CPU
		{9FA29520-BCF9-4285-80F4-D6126E4E6752}.Release|x64.ActiveCfg = Release|Any CPU
		{9FA29520-BCF9-4285-80F4-D6126E4E6752}.Release|x64.Build.0 = Release|Any CPU
		{9FA29520-BCF9-4285-80F4-D6126E4E6752}.Release|x86.ActiveCfg = Release|Any CPU
		{9FA29520-BCF9-4285-80F4-D6126E4E6752}.Release|x86.Build.0 = Release|Any CPU
	EndGlobalSection
	GlobalSection(SolutionProperties) = preSolution
		HideSolutionNode = FALSE
	EndGlobalSection
	GlobalSection(ExtensibilityGlobals) = postSolution
		SolutionGuid = {168BE91E-3DC2-4E81-B86D-74B47EEAAA09}
	EndGlobalSection
EndGlobal
